
Microsoft Visual Studio Solution File, Format Version 12.00
# Visual Studio Version 16
VisualStudioVersion = 16.0.30803.129
MinimumVisualStudioVersion = 10.0.40219.1
Project("{FAE04EC0-301F-11D3-BF4B-00C04F79EFBC}") = "dotnetcore-git-submodule-sample", "dotnetcore-git-submodule-sample\dotnetcore-git-submodule-sample.csproj", "{6105BFBE-F1AC-41C8-90F2-A6946CC19598}"
EndProject
Global
	GlobalSection(SolutionConfigurationPlatforms) = preSolution
		Debug|Any CPU = Debug|Any CPU
		Release|Any CPU = Release|Any CPU
	EndGlobalSection
	GlobalSection(ProjectConfigurationPlatforms) = postSolution
		{6105BFBE-F1AC-41C8-90F2-A6946CC19598}.Debug|Any CPU.ActiveCfg = Debug|Any CPU
		{6105BFBE-F1AC-41C8-90F2-A6946CC19598}.Debug|Any CPU.Build.0 = Debug|Any CPU
		{6105BFBE-F1AC-41C8-90F2-A6946CC19598}.Release|Any CPU.ActiveCfg = Release|Any CPU
		{6105BFBE-F1AC-41C8-90F2-A6946CC19598}.Release|Any CPU.Build.0 = Release|Any CPU
	EndGlobalSection
	GlobalSection(SolutionProperties) = preSolution
		HideSolutionNode = FALSE
	EndGlobalSection
	GlobalSection(ExtensibilityGlobals) = postSolution
		SolutionGuid = {20DA9C9B-59BB-4A90-BDBA-02C5F458F952}
	EndGlobalSection
EndGlobal
